
Microsoft Visual Studio Solution File, Format Version 12.00
Project("{FAE04EC0-301F-11D3-BF4B-00C04F79EFBC}") = "RxBim.AutocadTests.Cmd", "src\Autocad\RxBim.AutocadTests.Cmd\RxBim.AutocadTests.Cmd.csproj", "{716AB9E7-2841-4714-9097-06DFD984D65C}"
EndProject
Project("{FAE04EC0-301F-11D3-BF4B-00C04F79EFBC}") = "RxBim.AutocadTests.Console", "src\Autocad\RxBim.AutocadTests.Console\RxBim.AutocadTests.Console.csproj", "{AFF2B2DF-CC4F-44E0-BD98-7C17342F8961}"
EndProject
Project("{FAE04EC0-301F-11D3-BF4B-00C04F79EFBC}") = "RxBim.AutocadTests.TestingUtils", "src\Autocad\RxBim.AutocadTests.TestingUtils\RxBim.AutocadTests.TestingUtils.csproj", "{3479DCB0-30E9-4C43-BE9F-9F627EC46055}"
EndProject
Project("{FAE04EC0-301F-11D3-BF4B-00C04F79EFBC}") = "RxBim.AutocadTests.ScriptUtils", "src\Autocad\RxBim.AutocadTests.ScriptUtils\RxBim.AutocadTests.ScriptUtils.csproj", "{9EA635F8-0B59-47E5-85CC-6C7D0DE119C6}"
EndProject
Project("{2150E333-8FDC-42A3-9474-1A3956D46DE8}") = "SolutionFolder", "SolutionFolder", "{B2B7E452-95B3-41EE-86DC-6D26C0A66C94}"
	ProjectSection(SolutionItems) = preProject
		stylecop.ruleset = stylecop.ruleset
		.gitignore = .gitignore
		README.md = README.md
		Directory.Build.props = Directory.Build.props
	EndProjectSection
EndProject
Project("{2150E333-8FDC-42A3-9474-1A3956D46DE8}") = "src", "src", "{FE3062B5-3E3B-47F9-95E9-38FC380F35FE}"
EndProject
Project("{FAE04EC0-301F-11D3-BF4B-00C04F79EFBC}") = "RxBim.Example.Autocad.IntegrationTests", "tests\RxBim.Example.Autocad.IntegrationTests\RxBim.Example.Autocad.IntegrationTests.csproj", "{9266344E-57D4-4D40-92B7-02A34A70CC88}"
EndProject
Project("{2150E333-8FDC-42A3-9474-1A3956D46DE8}") = "tests", "tests", "{005A1D66-EF42-4E92-8470-4B736151EB90}"
	ProjectSection(SolutionItems) = preProject
		tests\Directory.Build.props = tests\Directory.Build.props
	EndProjectSection
EndProject
Project("{FAE04EC0-301F-11D3-BF4B-00C04F79EFBC}") = "RxBim.Tests.SDK", "src\RxBim.Tests.SDK\RxBim.Tests.SDK.csproj", "{91361B2A-889E-44BC-A4A6-CDAF4FBCAD1C}"
EndProject
Project("{FAE04EC0-301F-11D3-BF4B-00C04F79EFBC}") = "AcadTestFramework.SDK.Tests", "tests\AcadTestFramework.SDK.Tests\AcadTestFramework.SDK.Tests.csproj", "{BA6D7AB6-28E1-4ACD-963A-E4A3EBB3D716}"
EndProject
Project("{FAE04EC0-301F-11D3-BF4B-00C04F79EFBC}") = "RxBim.Tests.Nuke", "src\RxBim.Tests.Nuke\RxBim.Tests.Nuke.csproj", "{A848C7DF-444C-4AD1-AF69-EB9F2D01E929}"
EndProject
Project("{9A19103F-16F7-4668-BE54-9A1E7A4F7556}") = "_build", "build\_build.csproj", "{7F950760-FDCB-4BED-80AA-16F5AA352E46}"
EndProject
Project("{FAE04EC0-301F-11D3-BF4B-00C04F79EFBC}") = "RxBim.RevitTests.Cmd", "src\Revit\RxBim.RevitTests.Cmd\RxBim.RevitTests.Cmd.csproj", "{4E4BD102-BCAB-4C5A-BEDB-909B5C1B64F2}"
EndProject
Project("{FAE04EC0-301F-11D3-BF4B-00C04F79EFBC}") = "RxBim.RevitTests.Console", "src\Revit\RxBim.RevitTests.Console\RxBim.RevitTests.Console.csproj", "{D921677D-729F-444A-9F72-B42530AE979D}"
	ProjectSection(ProjectDependencies) = postProject
		{716AB9E7-2841-4714-9097-06DFD984D65C} = {716AB9E7-2841-4714-9097-06DFD984D65C}
	EndProjectSection
EndProject
Project("{FAE04EC0-301F-11D3-BF4B-00C04F79EFBC}") = "RxBim.Example.Revit.IntegrationTests", "tests\RxBim.Example.Revit.IntegrationTests\RxBim.Example.Revit.IntegrationTests.csproj", "{57BFC641-F562-48BA-A1BA-43B7AC497DFF}"
EndProject
Project("{2150E333-8FDC-42A3-9474-1A3956D46DE8}") = "Autocad", "Autocad", "{A3A150A5-23DF-4820-B722-0BC932334B16}"
EndProject
Project("{2150E333-8FDC-42A3-9474-1A3956D46DE8}") = "Revit", "Revit", "{84165A74-F993-4CFB-B585-B3CCA561F438}"
EndProject
Project("{2150E333-8FDC-42A3-9474-1A3956D46DE8}") = "docs", "docs", "{50818134-D129-4888-BC06-476D62D11481}"
	ProjectSection(SolutionItems) = preProject
		docs\Main.puml = docs\Main.puml
		docs\RevitTestTool.puml = docs\RevitTestTool.puml
		docs\AutocadTestTool.puml = docs\AutocadTestTool.puml
		docs\CadApp.puml = docs\CadApp.puml
	EndProjectSection
EndProject
Project("{2150E333-8FDC-42A3-9474-1A3956D46DE8}") = "tools", "tools", "{55C9ECB1-7201-446F-8AC0-6F3078F60DDE}"
EndProject
Project("{FAE04EC0-301F-11D3-BF4B-00C04F79EFBC}") = "ParseAndValidateResult", "tools\ParseAndValidateResult\ParseAndValidateResult.csproj", "{FB7F4F21-71A1-47D8-8E1B-C81A2AE88563}"
EndProject
Project("{FAE04EC0-301F-11D3-BF4B-00C04F79EFBC}") = "RxBim.RevitTests.TestingUtils", "src\Revit\RxBim.RevitTests.TestingUtils\RxBim.RevitTests.TestingUtils.csproj", "{558A22A5-0CF3-48B5-9DE7-D46B459D10E6}"
EndProject
Global
	GlobalSection(SolutionConfigurationPlatforms) = preSolution
		Debug|Any CPU = Debug|Any CPU
		Release|Any CPU = Release|Any CPU
	EndGlobalSection
	GlobalSection(ProjectConfigurationPlatforms) = postSolution
		{7F950760-FDCB-4BED-80AA-16F5AA352E46}.Debug|Any CPU.ActiveCfg = Debug|Any CPU
		{7F950760-FDCB-4BED-80AA-16F5AA352E46}.Release|Any CPU.ActiveCfg = Release|Any CPU
		{716AB9E7-2841-4714-9097-06DFD984D65C}.Debug|Any CPU.ActiveCfg = Debug|Any CPU
		{716AB9E7-2841-4714-9097-06DFD984D65C}.Debug|Any CPU.Build.0 = Debug|Any CPU
		{716AB9E7-2841-4714-9097-06DFD984D65C}.Release|Any CPU.ActiveCfg = Release|Any CPU
		{716AB9E7-2841-4714-9097-06DFD984D65C}.Release|Any CPU.Build.0 = Release|Any CPU
		{AFF2B2DF-CC4F-44E0-BD98-7C17342F8961}.Debug|Any CPU.ActiveCfg = Debug|Any CPU
		{AFF2B2DF-CC4F-44E0-BD98-7C17342F8961}.Debug|Any CPU.Build.0 = Debug|Any CPU
		{AFF2B2DF-CC4F-44E0-BD98-7C17342F8961}.Release|Any CPU.ActiveCfg = Release|Any CPU
		{AFF2B2DF-CC4F-44E0-BD98-7C17342F8961}.Release|Any CPU.Build.0 = Release|Any CPU
		{3479DCB0-30E9-4C43-BE9F-9F627EC46055}.Debug|Any CPU.ActiveCfg = Debug|Any CPU
		{3479DCB0-30E9-4C43-BE9F-9F627EC46055}.Debug|Any CPU.Build.0 = Debug|Any CPU
		{3479DCB0-30E9-4C43-BE9F-9F627EC46055}.Release|Any CPU.ActiveCfg = Release|Any CPU
		{3479DCB0-30E9-4C43-BE9F-9F627EC46055}.Release|Any CPU.Build.0 = Release|Any CPU
		{9EA635F8-0B59-47E5-85CC-6C7D0DE119C6}.Debug|Any CPU.ActiveCfg = Debug|Any CPU
		{9EA635F8-0B59-47E5-85CC-6C7D0DE119C6}.Debug|Any CPU.Build.0 = Debug|Any CPU
		{9EA635F8-0B59-47E5-85CC-6C7D0DE119C6}.Release|Any CPU.ActiveCfg = Release|Any CPU
		{9EA635F8-0B59-47E5-85CC-6C7D0DE119C6}.Release|Any CPU.Build.0 = Release|Any CPU
		{9266344E-57D4-4D40-92B7-02A34A70CC88}.Debug|Any CPU.ActiveCfg = Debug|Any CPU
		{9266344E-57D4-4D40-92B7-02A34A70CC88}.Debug|Any CPU.Build.0 = Debug|Any CPU
		{9266344E-57D4-4D40-92B7-02A34A70CC88}.Release|Any CPU.ActiveCfg = Release|Any CPU
		{9266344E-57D4-4D40-92B7-02A34A70CC88}.Release|Any CPU.Build.0 = Release|Any CPU
		{91361B2A-889E-44BC-A4A6-CDAF4FBCAD1C}.Debug|Any CPU.ActiveCfg = Debug|Any CPU
		{91361B2A-889E-44BC-A4A6-CDAF4FBCAD1C}.Debug|Any CPU.Build.0 = Debug|Any CPU
		{91361B2A-889E-44BC-A4A6-CDAF4FBCAD1C}.Release|Any CPU.ActiveCfg = Release|Any CPU
		{91361B2A-889E-44BC-A4A6-CDAF4FBCAD1C}.Release|Any CPU.Build.0 = Release|Any CPU
		{BA6D7AB6-28E1-4ACD-963A-E4A3EBB3D716}.Debug|Any CPU.ActiveCfg = Debug|Any CPU
		{BA6D7AB6-28E1-4ACD-963A-E4A3EBB3D716}.Debug|Any CPU.Build.0 = Debug|Any CPU
		{BA6D7AB6-28E1-4ACD-963A-E4A3EBB3D716}.Release|Any CPU.ActiveCfg = Release|Any CPU
		{BA6D7AB6-28E1-4ACD-963A-E4A3EBB3D716}.Release|Any CPU.Build.0 = Release|Any CPU
		{A848C7DF-444C-4AD1-AF69-EB9F2D01E929}.Debug|Any CPU.ActiveCfg = Debug|Any CPU
		{A848C7DF-444C-4AD1-AF69-EB9F2D01E929}.Debug|Any CPU.Build.0 = Debug|Any CPU
		{A848C7DF-444C-4AD1-AF69-EB9F2D01E929}.Release|Any CPU.ActiveCfg = Release|Any CPU
		{A848C7DF-444C-4AD1-AF69-EB9F2D01E929}.Release|Any CPU.Build.0 = Release|Any CPU
		{4E4BD102-BCAB-4C5A-BEDB-909B5C1B64F2}.Debug|Any CPU.ActiveCfg = Debug|Any CPU
		{4E4BD102-BCAB-4C5A-BEDB-909B5C1B64F2}.Debug|Any CPU.Build.0 = Debug|Any CPU
		{4E4BD102-BCAB-4C5A-BEDB-909B5C1B64F2}.Release|Any CPU.ActiveCfg = Release|Any CPU
		{4E4BD102-BCAB-4C5A-BEDB-909B5C1B64F2}.Release|Any CPU.Build.0 = Release|Any CPU
		{D921677D-729F-444A-9F72-B42530AE979D}.Debug|Any CPU.ActiveCfg = Debug|Any CPU
		{D921677D-729F-444A-9F72-B42530AE979D}.Debug|Any CPU.Build.0 = Debug|Any CPU
		{D921677D-729F-444A-9F72-B42530AE979D}.Release|Any CPU.ActiveCfg = Release|Any CPU
		{D921677D-729F-444A-9F72-B42530AE979D}.Release|Any CPU.Build.0 = Release|Any CPU
		{57BFC641-F562-48BA-A1BA-43B7AC497DFF}.Debug|Any CPU.ActiveCfg = Debug|Any CPU
		{57BFC641-F562-48BA-A1BA-43B7AC497DFF}.Debug|Any CPU.Build.0 = Debug|Any CPU
		{57BFC641-F562-48BA-A1BA-43B7AC497DFF}.Release|Any CPU.ActiveCfg = Release|Any CPU
		{57BFC641-F562-48BA-A1BA-43B7AC497DFF}.Release|Any CPU.Build.0 = Release|Any CPU
		{FB7F4F21-71A1-47D8-8E1B-C81A2AE88563}.Debug|Any CPU.ActiveCfg = Debug|Any CPU
		{FB7F4F21-71A1-47D8-8E1B-C81A2AE88563}.Debug|Any CPU.Build.0 = Debug|Any CPU
		{FB7F4F21-71A1-47D8-8E1B-C81A2AE88563}.Release|Any CPU.ActiveCfg = Release|Any CPU
		{FB7F4F21-71A1-47D8-8E1B-C81A2AE88563}.Release|Any CPU.Build.0 = Release|Any CPU
		{558A22A5-0CF3-48B5-9DE7-D46B459D10E6}.Debug|Any CPU.ActiveCfg = Debug|Any CPU
		{558A22A5-0CF3-48B5-9DE7-D46B459D10E6}.Debug|Any CPU.Build.0 = Debug|Any CPU
		{558A22A5-0CF3-48B5-9DE7-D46B459D10E6}.Release|Any CPU.ActiveCfg = Release|Any CPU
		{558A22A5-0CF3-48B5-9DE7-D46B459D10E6}.Release|Any CPU.Build.0 = Release|Any CPU
	EndGlobalSection
	GlobalSection(NestedProjects) = preSolution
		{9266344E-57D4-4D40-92B7-02A34A70CC88} = {005A1D66-EF42-4E92-8470-4B736151EB90}
		{91361B2A-889E-44BC-A4A6-CDAF4FBCAD1C} = {FE3062B5-3E3B-47F9-95E9-38FC380F35FE}
		{BA6D7AB6-28E1-4ACD-963A-E4A3EBB3D716} = {005A1D66-EF42-4E92-8470-4B736151EB90}
		{A848C7DF-444C-4AD1-AF69-EB9F2D01E929} = {FE3062B5-3E3B-47F9-95E9-38FC380F35FE}
		{57BFC641-F562-48BA-A1BA-43B7AC497DFF} = {005A1D66-EF42-4E92-8470-4B736151EB90}
		{A3A150A5-23DF-4820-B722-0BC932334B16} = {FE3062B5-3E3B-47F9-95E9-38FC380F35FE}
		{84165A74-F993-4CFB-B585-B3CCA561F438} = {FE3062B5-3E3B-47F9-95E9-38FC380F35FE}
		{716AB9E7-2841-4714-9097-06DFD984D65C} = {A3A150A5-23DF-4820-B722-0BC932334B16}
		{AFF2B2DF-CC4F-44E0-BD98-7C17342F8961} = {A3A150A5-23DF-4820-B722-0BC932334B16}
		{9EA635F8-0B59-47E5-85CC-6C7D0DE119C6} = {A3A150A5-23DF-4820-B722-0BC932334B16}
		{3479DCB0-30E9-4C43-BE9F-9F627EC46055} = {A3A150A5-23DF-4820-B722-0BC932334B16}
		{4E4BD102-BCAB-4C5A-BEDB-909B5C1B64F2} = {84165A74-F993-4CFB-B585-B3CCA561F438}
		{D921677D-729F-444A-9F72-B42530AE979D} = {84165A74-F993-4CFB-B585-B3CCA561F438}
		{FB7F4F21-71A1-47D8-8E1B-C81A2AE88563} = {55C9ECB1-7201-446F-8AC0-6F3078F60DDE}
		{558A22A5-0CF3-48B5-9DE7-D46B459D10E6} = {84165A74-F993-4CFB-B585-B3CCA561F438}
	EndGlobalSection
EndGlobal
